github.com/google/uuid v1.3.0 h1:t6JiXgmwXMjEs8VusXIJk2BXHsn+wx8BZdTaoZ5fu7I=
github.com/google/uuid v1.3.0/go.mod h1:TIyPZe4MgqvfeYDBFedMoGGpEw/LqOeaOT+nhxU+yHo=
github.com/henryse/go-strftime v0.0.0-20151206194810-2efbe75097a5 h1:meL6gnD5bERpXJ06S3JFSygnxH4eQDVvsR21BqTuCRc=
github.com/henryse/go-strftime v0.0.0-20151206194810-2efbe75097a5/go.mod h1:uzfdN0LmYiP4LDLIE1PFY8Whmaj/n67jmmHNKPOqbJg=
